{
  "requires": true,
  "lockfileVersion": 1,
  "dependencies": {
    "react-table": {
      "version": "7.6.2",
      "resolved": "https://registry.npmjs.org/react-table/-/react-table-7.6.2.tgz",
      "integrity": "sha512-urwNZTieb+xg/+BITUIrqdH5jZfJlw7rKVAAq25iXpBPwbQojLCEKJuGycLbVwn8fzU+Ovly3y8HHNaLNrPCvQ=="
    }
  }
}
